
Microsoft Visual Studio Solution File, Format Version 12.00
# Visual Studio 2012
Project("{FAE04EC0-301F-11D3-BF4B-00C04F79EFBC}") = "ClassroomOnline", "ClassroomOnline\ClassroomOnline.csproj", "{D25E0585-9CDD-4267-BC22-CF34FF51A340}"
EndProject
Project("{FAE04EC0-301F-11D3-BF4B-00C04F79EFBC}") = "ClassroomOnlineWeb", "ClassroomOnlineWeb\ClassroomOnlineWeb.csproj", "{B8FA8804-D8D3-472F-B89A-BE0FC9BF2084}"
EndProject
Global
	GlobalSection(SolutionConfigurationPlatforms) = preSolution
		Debug|Any CPU = Debug|Any CPU
		Release|Any CPU = Release|Any CPU
	EndGlobalSection
	GlobalSection(ProjectConfigurationPlatforms) = postSolution
		{D25E0585-9CDD-4267-BC22-CF34FF51A340}.Debug|Any CPU.ActiveCfg = Debug|Any CPU
		{D25E0585-9CDD-4267-BC22-CF34FF51A340}.Debug|Any CPU.Build.0 = Debug|Any CPU
		{D25E0585-9CDD-4267-BC22-CF34FF51A340}.Debug|Any CPU.Deploy.0 = Debug|Any CPU
		{D25E0585-9CDD-4267-BC22-CF34FF51A340}.Release|Any CPU.ActiveCfg = Release|Any CPU
		{D25E0585-9CDD-4267-BC22-CF34FF51A340}.Release|Any CPU.Build.0 = Release|Any CPU
		{D25E0585-9CDD-4267-BC22-CF34FF51A340}.Release|Any CPU.Deploy.0 = Release|Any CPU
		{B8FA8804-D8D3-472F-B89A-BE0FC9BF2084}.Debug|Any CPU.ActiveCfg = Debug|Any CPU
		{B8FA8804-D8D3-472F-B89A-BE0FC9BF2084}.Debug|Any CPU.Build.0 = Debug|Any CPU
		{B8FA8804-D8D3-472F-B89A-BE0FC9BF2084}.Release|Any CPU.ActiveCfg = Release|Any CPU
		{B8FA8804-D8D3-472F-B89A-BE0FC9BF2084}.Release|Any CPU.Build.0 = Release|Any CPU
	EndGlobalSection
	GlobalSection(SolutionProperties) = preSolution
		HideSolutionNode = FALSE
	EndGlobalSection
EndGlobal
