
Microsoft Visual Studio Solution File, Format Version 12.00
# Visual Studio 2012
Project("{FAE04EC0-301F-11D3-BF4B-00C04F79EFBC}") = "SampleSPOfficeApp", "SampleSPOfficeApp\SampleSPOfficeApp.csproj", "{CA8F2E5B-62DD-4FFE-9C5A-72932A8DDD75}"
EndProject
Global
	GlobalSection(SolutionConfigurationPlatforms) = preSolution
		Debug|Any CPU = Debug|Any CPU
		Release|Any CPU = Release|Any CPU
	EndGlobalSection
	GlobalSection(ProjectConfigurationPlatforms) = postSolution
		{CA8F2E5B-62DD-4FFE-9C5A-72932A8DDD75}.Debug|Any CPU.ActiveCfg = Debug|Any CPU
		{CA8F2E5B-62DD-4FFE-9C5A-72932A8DDD75}.Debug|Any CPU.Build.0 = Debug|Any CPU
		{CA8F2E5B-62DD-4FFE-9C5A-72932A8DDD75}.Debug|Any CPU.Deploy.0 = Debug|Any CPU
		{CA8F2E5B-62DD-4FFE-9C5A-72932A8DDD75}.Release|Any CPU.ActiveCfg = Release|Any CPU
		{CA8F2E5B-62DD-4FFE-9C5A-72932A8DDD75}.Release|Any CPU.Build.0 = Release|Any CPU
		{CA8F2E5B-62DD-4FFE-9C5A-72932A8DDD75}.Release|Any CPU.Deploy.0 = Release|Any CPU
	EndGlobalSection
	GlobalSection(SolutionProperties) = preSolution
		HideSolutionNode = FALSE
	EndGlobalSection
EndGlobal
